# This file is autogenerated, do not edit; changes may be undone by the next 'dep ensure'.


[[projects]]
  branch = "default"
  name = "bitbucket.org/zombiezen/gopdf"
  packages = ["pdf"]
  revision = "1c63dc69751bc45441c2ce1f56b631c55294b4d5"

[[projects]]
  branch = "master"
  name = "github.com/ajstarks/svgo"
  packages = ["."]
  revision = "f9be02f22f2c23fbdd01ed76e5c7f5af79e13f9b"

[[projects]]
  branch = "master"
  name = "github.com/golang/freetype"
  packages = [".","raster","truetype"]
  revision = "e2365dfdc4a05e4b8299a783240d4a7d5a65d4e4"

[[projects]]
  branch = "master"
  name = "github.com/llgcode/draw2d"
  packages = [".","draw2dbase","draw2dimg"]
  revision = "274031cf2abe8acd15c4a911e1f7f1295fc4830c"

[[projects]]
  branch = "master"
  name = "golang.org/x/image"
  packages = ["draw","font","math/f64","math/fixed","tiff","tiff/lzw"]
  revision = "12117c17ca67ffa1ce22e9409f3b0b0a93ac08c7"

[[projects]]
  branch = "master"
  name = "gonum.org/v1/gonum"
  packages = ["blas","blas/blas64","blas/gonum","floats","internal/asm/c128","internal/asm/f32","internal/asm/f64","internal/math32","lapack","lapack/gonum","lapack/lapack64","mat"]
  revision = "996b88e8f8941c9defdbb338bea5e239a230e742"

[[projects]]
  branch = "master"
  name = "gonum.org/v1/plot"
  packages = [".","palette","plotter","plotutil","tools/bezier","vg","vg/draw","vg/fonts","vg/vgeps","vg/vgimg","vg/vgpdf","vg/vgsvg"]
  revision = "feab214a240f4312b98ab52baf662b55ff1ee377"

[solve-meta]
  analyzer-name = "dep"
  analyzer-version = 1
  inputs-digest = "486784c849aac3cce55920430a04fa2959acb1c503c820f7393f14f1c345c783"
  solver-name = "gps-cdcl"
  solver-version = 1
